github.com/lachee/raylib-goplus v0.0.0-20200404015944-3c3bf27f1636 h1:SyZdRIcm0XsvAIofTJ3eEF4w2bpSxj+10BtOImpgSCc=
github.com/lachee/raylib-goplus v0.0.0-20200404015944-3c3bf27f1636/go.mod h1:dBwvFApqhdnnQuWzvHZnvWph/zlTAHC3nd/Hy6yBE8U=
github.com/radovskyb/watcher v1.0.7 h1:AYePLih6dpmS32vlHfhCeli8127LzkIgwJGcwwe8tUE=
github.com/radovskyb/watcher v1.0.7/go.mod h1:78okwvY5wPdzcb1UYnip1pvrZNIVEIh/Cm+ZuvsUYIg=
